
Microsoft Visual Studio Solution File, Format Version 12.00
# Visual Studio Version 17
VisualStudioVersion = 17.2.32602.215
MinimumVisualStudioVersion = 10.0.40219.1
Project("{9A19103F-16F7-4668-BE54-9A1E7A4F7556}") = "CryptoExchange.Net", "CryptoExchange.Net\CryptoExchange.Net.csproj", "{9091040E-C35F-42DB-A833-B5DE7FE80489}"
EndProject
Project("{9A19103F-16F7-4668-BE54-9A1E7A4F7556}") = "Binance.Net", "Binance.Net\Binance.Net.csproj", "{996A4F9A-FCB4-4B64-B5BE-8AD2BE64C303}"
EndProject
Project("{9A19103F-16F7-4668-BE54-9A1E7A4F7556}") = "Quant.DataApi", "Quant.DataApi\Quant.DataApi.csproj", "{10FF4F03-785F-4FCF-9F18-FB6508420F04}"
EndProject
Project("{2150E333-8FDC-42A3-9474-1A3956D46DE8}") = "OpenSourceLib", "OpenSourceLib", "{4E7013F3-15FE-401C-A823-EAA0D56A5902}"
EndProject
Project("{2150E333-8FDC-42A3-9474-1A3956D46DE8}") = "Lib", "Lib", "{55DDEAF6-03BA-430F-9D4D-517A2729597A}"
EndProject
Project("{2150E333-8FDC-42A3-9474-1A3956D46DE8}") = "Runtime", "Runtime", "{6F3189C8-C356-40D5-8838-FB515DE32FEC}"
EndProject
Project("{9A19103F-16F7-4668-BE54-9A1E7A4F7556}") = "Quant.Exchanges", "Quant.Exchanges\Quant.Exchanges.csproj", "{BB33A971-A55F-450B-91EA-02FDF0763075}"
EndProject
Project("{9A19103F-16F7-4668-BE54-9A1E7A4F7556}") = "Quant.StrategyService", "Quant.StrategyService\Quant.StrategyService.csproj", "{653CED58-279A-48BB-858F-E4B4EBAB3381}"
EndProject
Project("{9A19103F-16F7-4668-BE54-9A1E7A4F7556}") = "Quant.Strategies", "Quant.Strategies\Quant.Strategies.csproj", "{F0A53FFB-8BFA-4E80-AB6C-C87E4E6F5F20}"
EndProject
Global
	GlobalSection(SolutionConfigurationPlatforms) = preSolution
		Debug|Any CPU = Debug|Any CPU
		Release|Any CPU = Release|Any CPU
	EndGlobalSection
	GlobalSection(ProjectConfigurationPlatforms) = postSolution
		{9091040E-C35F-42DB-A833-B5DE7FE80489}.Debug|Any CPU.ActiveCfg = Debug|Any CPU
		{9091040E-C35F-42DB-A833-B5DE7FE80489}.Debug|Any CPU.Build.0 = Debug|Any CPU
		{9091040E-C35F-42DB-A833-B5DE7FE80489}.Release|Any CPU.ActiveCfg = Release|Any CPU
		{9091040E-C35F-42DB-A833-B5DE7FE80489}.Release|Any CPU.Build.0 = Release|Any CPU
		{996A4F9A-FCB4-4B64-B5BE-8AD2BE64C303}.Debug|Any CPU.ActiveCfg = Debug|Any CPU
		{996A4F9A-FCB4-4B64-B5BE-8AD2BE64C303}.Debug|Any CPU.Build.0 = Debug|Any CPU
		{996A4F9A-FCB4-4B64-B5BE-8AD2BE64C303}.Release|Any CPU.ActiveCfg = Release|Any CPU
		{996A4F9A-FCB4-4B64-B5BE-8AD2BE64C303}.Release|Any CPU.Build.0 = Release|Any CPU
		{10FF4F03-785F-4FCF-9F18-FB6508420F04}.Debug|Any CPU.ActiveCfg = Debug|Any CPU
		{10FF4F03-785F-4FCF-9F18-FB6508420F04}.Debug|Any CPU.Build.0 = Debug|Any CPU
		{10FF4F03-785F-4FCF-9F18-FB6508420F04}.Release|Any CPU.ActiveCfg = Release|Any CPU
		{10FF4F03-785F-4FCF-9F18-FB6508420F04}.Release|Any CPU.Build.0 = Release|Any CPU
		{BB33A971-A55F-450B-91EA-02FDF0763075}.Debug|Any CPU.ActiveCfg = Debug|Any CPU
		{BB33A971-A55F-450B-91EA-02FDF0763075}.Debug|Any CPU.Build.0 = Debug|Any CPU
		{BB33A971-A55F-450B-91EA-02FDF0763075}.Release|Any CPU.ActiveCfg = Release|Any CPU
		{BB33A971-A55F-450B-91EA-02FDF0763075}.Release|Any CPU.Build.0 = Release|Any CPU
		{653CED58-279A-48BB-858F-E4B4EBAB3381}.Debug|Any CPU.ActiveCfg = Debug|Any CPU
		{653CED58-279A-48BB-858F-E4B4EBAB3381}.Debug|Any CPU.Build.0 = Debug|Any CPU
		{653CED58-279A-48BB-858F-E4B4EBAB3381}.Release|Any CPU.ActiveCfg = Release|Any CPU
		{653CED58-279A-48BB-858F-E4B4EBAB3381}.Release|Any CPU.Build.0 = Release|Any CPU
		{F0A53FFB-8BFA-4E80-AB6C-C87E4E6F5F20}.Debug|Any CPU.ActiveCfg = Debug|Any CPU
		{F0A53FFB-8BFA-4E80-AB6C-C87E4E6F5F20}.Debug|Any CPU.Build.0 = Debug|Any CPU
		{F0A53FFB-8BFA-4E80-AB6C-C87E4E6F5F20}.Release|Any CPU.ActiveCfg = Release|Any CPU
		{F0A53FFB-8BFA-4E80-AB6C-C87E4E6F5F20}.Release|Any CPU.Build.0 = Release|Any CPU
	EndGlobalSection
	GlobalSection(SolutionProperties) = preSolution
		HideSolutionNode = FALSE
	EndGlobalSection
	GlobalSection(NestedProjects) = preSolution
		{9091040E-C35F-42DB-A833-B5DE7FE80489} = {4E7013F3-15FE-401C-A823-EAA0D56A5902}
		{996A4F9A-FCB4-4B64-B5BE-8AD2BE64C303} = {4E7013F3-15FE-401C-A823-EAA0D56A5902}
		{10FF4F03-785F-4FCF-9F18-FB6508420F04} = {6F3189C8-C356-40D5-8838-FB515DE32FEC}
		{BB33A971-A55F-450B-91EA-02FDF0763075} = {55DDEAF6-03BA-430F-9D4D-517A2729597A}
		{653CED58-279A-48BB-858F-E4B4EBAB3381} = {6F3189C8-C356-40D5-8838-FB515DE32FEC}
		{F0A53FFB-8BFA-4E80-AB6C-C87E4E6F5F20} = {55DDEAF6-03BA-430F-9D4D-517A2729597A}
	EndGlobalSection
	GlobalSection(ExtensibilityGlobals) = postSolution
		SolutionGuid = {3B44CE9C-9FB2-4F6C-BFD6-8212D3DBF669}
	EndGlobalSection
EndGlobal
